// !$*UTF8*$!
{
	archiveVersion = 1;
	classes = {
	};
	objectVersion = 55;
	objects = {

/* Begin PBXBuildFile section */
		0FBD283A9E8F6B16A049054D /* Pods_RXTestes.framework in Frameworks */ = {isa = PBXBuildFile; fileRef = CA731625D5013CB8F2B376C9 /* Pods_RXTestes.framework */; };
		ED499BD528E27B530006D396 /* AppDelegate.swift in Sources */ = {isa = PBXBuildFile; fileRef = ED499BD428E27B530006D396 /* AppDelegate.swift */; };
		ED499BD728E27B530006D396 /* SceneDelegate.swift in Sources */ = {isa = PBXBuildFile; fileRef = ED499BD628E27B530006D396 /* SceneDelegate.swift */; };
		ED499BD928E27B530006D396 /* ViewController.swift in Sources */ = {isa = PBXBuildFile; fileRef = ED499BD828E27B530006D396 /* ViewController.swift */; };
		ED499BDC28E27B530006D396 /* Main.storyboard in Resources */ = {isa = PBXBuildFile; fileRef = ED499BDA28E27B530006D396 /* Main.storyboard */; };
		ED499BDE28E27B550006D396 /* Assets.xcassets in Resources */ = {isa = PBXBuildFile; fileRef = ED499BDD28E27B550006D396 /* Assets.xcassets */; };
		ED499BE128E27B550006D396 /* LaunchScreen.storyboard in Resources */ = {isa = PBXBuildFile; fileRef = ED499BDF28E27B550006D396 /* LaunchScreen.storyboard */; };
/* End PBXBuildFile section */

/* Begin PBXFileReference section */
		3E68F01D32D8FB992A9CF2BA /* Pods-RXTestes.debug.xcconfig */ = {isa = PBXFileReference; includeInIndex = 1; lastKnownFileType = text.xcconfig; name = "Pods-RXTestes.debug.xcconfig"; path = "Target Support Files/Pods-RXTestes/Pods-RXTestes.debug.xcconfig"; sourceTree = "<group>"; };
		61F20FE0E9B31112CDF1E868 /* Pods-RXTestes.release.xcconfig */ = {isa = PBXFileReference; includeInIndex = 1; lastKnownFileType = text.xcconfig; name = "Pods-RXTestes.release.xcconfig"; path = "Target Support Files/Pods-RXTestes/Pods-RXTestes.release.xcconfig"; sourceTree = "<group>"; };
		CA731625D5013CB8F2B376C9 /* Pods_RXTestes.framework */ = {isa = PBXFileReference; explicitFileType = wrapper.framework; includeInIndex = 0; path = Pods_RXTestes.framework; sourceTree = BUILT_PRODUCTS_DIR; };
		ED12D64F28E2884200B983FB /* PlayRXTestDisposeBag.playground */ = {isa = PBXFileReference; lastKnownFileType = file.playground; name = PlayRXTestDisposeBag.playground; path = ../../PlayRXTestDisposeBag.playground; sourceTree = "<group>"; xcLanguageSpecificationIdentifier = xcode.lang.swift; };
		ED499BD128E27B530006D396 /* RXTestes.app */ = {isa = PBXFileReference; explicitFileType = wrapper.application; includeInIndex = 0; path = RXTestes.app; sourceTree = BUILT_PRODUCTS_DIR; };
		ED499BD428E27B530006D396 /* AppDelegate.swift */ = {isa = PBXFileReference; lastKnownFileType = sourcecode.swift; path = AppDelegate.swift; sourceTree = "<group>"; };
		ED499BD628E27B530006D396 /* SceneDelegate.swift */ = {isa = PBXFileReference; lastKnownFileType = sourcecode.swift; path = SceneDelegate.swift; sourceTree = "<group>"; };
		ED499BD828E27B530006D396 /* ViewController.swift */ = {isa = PBXFileReference; lastKnownFileType = sourcecode.swift; path = ViewController.swift; sourceTree = "<group>"; };
		ED499BDB28E27B530006D396 /* Base */ = {isa = PBXFileReference; lastKnownFileType = file.storyboard; name = Base; path = Base.lproj/Main.storyboard; sourceTree = "<group>"; };
		ED499BDD28E27B550006D396 /* Assets.xcassets */ = {isa = PBXFileReference; lastKnownFileType = folder.assetcatalog; path = Assets.xcassets; sourceTree = "<group>"; };
		ED499BE028E27B550006D396 /* Base */ = {isa = PBXFileReference; lastKnownFileType = file.storyboard; name = Base; path = Base.lproj/LaunchScreen.storyboard; sourceTree = "<group>"; };
		ED499BE228E27B550006D396 /* Info.plist */ = {isa = PBXFileReference; lastKnownFileType = text.plist.xml; path = Info.plist; sourceTree = "<group>"; };
		ED62BCDB28E283A5000CBD57 /* PlayRXTest.playground */ = {isa = PBXFileReference; lastKnownFileType = file.playground; name = PlayRXTest.playground; path = ../../PlayRXTest.playground; sourceTree = "<group>"; xcLanguageSpecificationIdentifier = xcode.lang.swift; };
/* End PBXFileReference section */

/* Begin PBXFrameworksBuildPhase section */
		ED499BCE28E27B530006D396 /* Frameworks */ = {
			isa = PBXFrameworksBuildPhase;
			buildActionMask = 2147483647;
			files = (
				0FBD283A9E8F6B16A049054D /* Pods_RXTestes.framework in Frameworks */,
			);
			runOnlyForDeploymentPostprocessing = 0;
		};
/* End PBXFrameworksBuildPhase section */

/* Begin PBXGroup section */
		453D46D35AE8459BD182A48C /* Frameworks */ = {
			isa = PBXGroup;
			children = (
				CA731625D5013CB8F2B376C9 /* Pods_RXTestes.framework */,
			);
			name = Frameworks;
			sourceTree = "<group>";
		};
		C356AC985EBD76134E59E015 /* Pods */ = {
			isa = PBXGroup;
			children = (
				3E68F01D32D8FB992A9CF2BA /* Pods-RXTestes.debug.xcconfig */,
				61F20FE0E9B31112CDF1E868 /* Pods-RXTestes.release.xcconfig */,
			);
			path = Pods;
			sourceTree = "<group>";
		};
		ED499BC828E27B530006D396 = {
			isa = PBXGroup;
			children = (
				ED499BD328E27B530006D396 /* RXTestes */,
				ED499BD228E27B530006D396 /* Products */,
				C356AC985EBD76134E59E015 /* Pods */,
				453D46D35AE8459BD182A48C /* Frameworks */,
			);
			sourceTree = "<group>";
		};
		ED499BD228E27B530006D396 /* Products */ = {
			isa = PBXGroup;
			children = (
				ED499BD128E27B530006D396 /* RXTestes.app */,
			);
			name = Products;
			sourceTree = "<group>";
		};
		ED499BD328E27B530006D396 /* RXTestes */ = {
			isa = PBXGroup;
			children = (
				ED12D64F28E2884200B983FB /* PlayRXTestDisposeBag.playground */,
				ED62BCDB28E283A5000CBD57 /* PlayRXTest.playground */,
				ED499BD428E27B530006D396 /* AppDelegate.swift */,
				ED499BD628E27B530006D396 /* SceneDelegate.swift */,
				ED499BD828E27B530006D396 /* ViewController.swift */,
				ED499BDA28E27B530006D396 /* Main.storyboard */,
				ED499BDD28E27B550006D396 /* Assets.xcassets */,
				ED499BDF28E27B550006D396 /* LaunchScreen.storyboard */,
				ED499BE228E27B550006D396 /* Info.plist */,
			);
			path = RXTestes;
			sourceTree = "<group>";
		};
/* End PBXGroup section */

/* Begin PBXNativeTarget section */
		ED499BD028E27B530006D396 /* RXTestes */ = {
			isa = PBXNativeTarget;
			buildConfigurationList = ED499BE528E27B550006D396 /* Build configuration list for PBXNativeTarget "RXTestes" */;
			buildPhases = (
				D409F928837E88D088808DAF /* [CP] Check Pods Manifest.lock */,
				ED499BCD28E27B530006D396 /* Sources */,
				ED499BCE28E27B530006D396 /* Frameworks */,
				ED499BCF28E27B530006D396 /* Resources */,
				33F4EE9739CA02AB845E5F47 /* [CP] Embed Pods Frameworks */,
			);
			buildRules = (
			);
			dependencies = (
			);
			name = RXTestes;
			productName = RXTestes;
			productReference = ED499BD128E27B530006D396 /* RXTestes.app */;
			productType = "com.apple.product-type.application";
		};
/* End PBXNativeTarget section */

/* Begin PBXProject section */
		ED499BC928E27B530006D396 /* Project object */ = {
			isa = PBXProject;
			attributes = {
				BuildIndependentTargetsInParallel = 1;
				LastSwiftUpdateCheck = 1400;
				LastUpgradeCheck = 1400;
				TargetAttributes = {
					ED499BD028E27B530006D396 = {
						CreatedOnToolsVersion = 14.0;
					};
				};
			};
			buildConfigurationList = ED499BCC28E27B530006D396 /* Build configuration list for PBXProject "RXTestes" */;
			compatibilityVersion = "Xcode 13.0";
			developmentRegion = en;
			hasScannedForEncodings = 0;
			knownRegions = (
				en,
				Base,
			);
			mainGroup = ED499BC828E27B530006D396;
			productRefGroup = ED499BD228E27B530006D396 /* Products */;
			projectDirPath = "";
			projectRoot = "";
			targets = (
				ED499BD028E27B530006D396 /* RXTestes */,
			);
		};
/* End PBXProject section */

/* Begin PBXResourcesBuildPhase section */
		ED499BCF28E27B530006D396 /* Resources */ = {
			isa = PBXResourcesBuildPhase;
			buildActionMask = 2147483647;
			files = (
				ED499BE128E27B550006D396 /* LaunchScreen.storyboard in Resources */,
				ED499BDE28E27B550006D396 /* Assets.xcassets in Resources */,
				ED499BDC28E27B530006D396 /* Main.storyboard in Resources */,
			);
			runOnlyForDeploymentPostprocessing = 0;
		};
/* End PBXResourcesBuildPhase section */

/* Begin PBXShellScriptBuildPhase section */
		33F4EE9739CA02AB845E5F47 /* [CP] Embed Pods Frameworks */ = {
			isa = PBXShellScriptBuildPhase;
			buildActionMask = 2147483647;
			files = (
			);
			inputFileListPaths = (
				"${PODS_ROOT}/Target Support Files/Pods-RXTestes/Pods-RXTestes-frameworks-${CONFIGURATION}-input-files.xcfilelist",
			);
			name = "[CP] Embed Pods Frameworks";
			outputFileListPaths = (
				"${PODS_ROOT}/Target Support Files/Pods-RXTestes/Pods-RXTestes-frameworks-${CONFIGURATION}-output-files.xcfilelist",
			);
			runOnlyForDeploymentPostprocessing = 0;
			shellPath = /bin/sh;
			shellScript = "\"${PODS_ROOT}/Target Support Files/Pods-RXTestes/Pods-RXTestes-frameworks.sh\"\n";
			showEnvVarsInLog = 0;
		};
		D409F928837E88D088808DAF /* [CP] Check Pods Manifest.lock */ = {
			isa = PBXShellScriptBuildPhase;
			buildActionMask = 2147483647;
			files = (
			);
			inputFileListPaths = (
			);
			inputPaths = (
				"${PODS_PODFILE_DIR_PATH}/Podfile.lock",
				"${PODS_ROOT}/Manifest.lock",
			);
			name = "[CP] Check Pods Manifest.lock";
			outputFileListPaths = (
			);
			outputPaths = (
				"$(DERIVED_FILE_DIR)/Pods-RXTestes-checkManifestLockResult.txt",
			);
			runOnlyForDeploymentPostprocessing = 0;
			shellPath = /bin/sh;
			shellScript = "diff \"${PODS_PODFILE_DIR_PATH}/Podfile.lock\" \"${PODS_ROOT}/Manifest.lock\" > /dev/null\nif [ $? != 0 ] ; then\n    # print error to STDERR\n    echo \"error: The sandbox is not in sync with the Podfile.lock. Run 'pod install' or update your CocoaPods installation.\" >&2\n    exit 1\nfi\n# This output is used by Xcode 'outputs' to avoid re-running this script phase.\necho \"SUCCESS\" > \"${SCRIPT_OUTPUT_FILE_0}\"\n";
			showEnvVarsInLog = 0;
		};
/* End PBXShellScriptBuildPhase section */

/* Begin PBXSourcesBuildPhase section */
		ED499BCD28E27B530006D396 /* Sources */ = {
			isa = PBXSourcesBuildPhase;
			buildActionMask = 2147483647;
			files = (
				ED499BD928E27B530006D396 /* ViewController.swift in Sources */,
				ED499BD528E27B530006D396 /* AppDelegate.swift in Sources */,
				ED499BD728E27B530006D396 /* SceneDelegate.swift in Sources */,
			);
			runOnlyForDeploymentPostprocessing = 0;
		};
/* End PBXSourcesBuildPhase section */

/* Begin PBXVariantGroup section */
		ED499BDA28E27B530006D396 /* Main.storyboard */ = {
			isa = PBXVariantGroup;
			children = (
				ED499BDB28E27B530006D396 /* Base */,
			);
			name = Main.storyboard;
			sourceTree = "<group>";
		};
		ED499BDF28E27B550006D396 /* LaunchScreen.storyboard */ = {
			isa = PBXVariantGroup;
			children = (
				ED499BE028E27B550006D396 /* Base */,
			);
			name = LaunchScreen.storyboard;
			sourceTree = "<group>";
		};
/* End PBXVariantGroup section */

/* Begin XCBuildConfiguration section */
		ED499BE328E27B550006D396 /* Debug */ = {
			isa = XCBuildConfiguration;
			buildSettings = {
				ALWAYS_SEARCH_USER_PATHS = NO;
				CLANG_ANALYZER_NONNULL = YES;
				CLANG_ANALYZER_NUMBER_OBJECT_CONVERSION = YES_AGGRESSIVE;
				CLANG_CXX_LANGUAGE_STANDARD = "gnu++20";
				CLANG_ENABLE_MODULES = YES;
				CLANG_ENABLE_OBJC_ARC = YES;
				CLANG_ENABLE_OBJC_WEAK = YES;
				CLANG_WARN_BLOCK_CAPTURE_AUTORELEASING = YES;
				CLANG_WARN_BOOL_CONVERSION = YES;
				CLANG_WARN_COMMA = YES;
				CLANG_WARN_CONSTANT_CONVERSION = YES;
				CLANG_WARN_DEPRECATED_OBJC_IMPLEMENTATIONS = YES;
				CLANG_WARN_DIRECT_OBJC_ISA_USAGE = YES_ERROR;
				CLANG_WARN_DOCUMENTATION_COMMENTS = YES;
				CLANG_WARN_EMPTY_BODY = YES;
				CLANG_WARN_ENUM_CONVERSION = YES;
				CLANG_WARN_INFINITE_RECURSION = YES;
				CLANG_WARN_INT_CONVERSION = YES;
				CLANG_WARN_NON_LITERAL_NULL_CONVERSION = YES;
				CLANG_WARN_OBJC_IMPLICIT_RETAIN_SELF = YES;
				CLANG_WARN_OBJC_LITERAL_CONVERSION = YES;
				CLANG_WARN_OBJC_ROOT_CLASS = YES_ERROR;
				CLANG_WARN_QUOTED_INCLUDE_IN_FRAMEWORK_HEADER = YES;
				CLANG_WARN_RANGE_LOOP_ANALYSIS = YES;
				CLANG_WARN_STRICT_PROTOTYPES = YES;
				CLANG_WARN_SUSPICIOUS_MOVE = YES;
				CLANG_WARN_UNGUARDED_AVAILABILITY = YES_AGGRESSIVE;
				CLANG_WARN_UNREACHABLE_CODE = YES;
				CLANG_WARN__DUPLICATE_METHOD_MATCH = YES;
				COPY_PHASE_STRIP = NO;
				DEBUG_INFORMATION_FORMAT = dwarf;
				ENABLE_STRICT_OBJC_MSGSEND = YES;
				ENABLE_TESTABILITY = YES;
				GCC_C_LANGUAGE_STANDARD = gnu11;
				GCC_DYNAMIC_NO_PIC = NO;
				GCC_NO_COMMON_BLOCKS = YES;
				GCC_OPTIMIZATION_LEVEL = 0;
				GCC_PREPROCESSOR_DEFINITIONS = (
					"DEBUG=1",
					"$(inherited)",
				);
				GCC_WARN_64_TO_32_BIT_CONVERSION = YES;
				GCC_WARN_ABOUT_RETURN_TYPE = YES_ERROR;
				GCC_WARN_UNDECLARED_SELECTOR = YES;
				GCC_WARN_UNINITIALIZED_AUTOS = YES_AGGRESSIVE;
				GCC_WARN_UNUSED_FUNCTION = YES;
				GCC_WARN_UNUSED_VARIABLE = YES;
				IPHONEOS_DEPLOYMENT_TARGET = 16.0;
				MTL_ENABLE_DEBUG_INFO = INCLUDE_SOURCE;
				MTL_FAST_MATH = YES;
				ONLY_ACTIVE_ARCH = YES;
				SDKROOT = iphoneos;
				SWIFT_ACTIVE_COMPILATION_CONDITIONS = DEBUG;
				SWIFT_OPTIMIZATION_LEVEL = "-Onone";
			};
			name = Debug;
		};
		ED499BE428E27B550006D396 /* Release */ = {
			isa = XCBuildConfiguration;
			buildSettings = {
				ALWAYS_SEARCH_USER_PATHS = NO;
				CLANG_ANALYZER_NONNULL = YES;
				CLANG_ANALYZER_NUMBER_OBJECT_CONVERSION = YES_AGGRESSIVE;
				CLANG_CXX_LANGUAGE_STANDARD = "gnu++20";
				CLANG_ENABLE_MODULES = YES;
				CLANG_ENABLE_OBJC_ARC = YES;
				CLANG_ENABLE_OBJC_WEAK = YES;
				CLANG_WARN_BLOCK_CAPTURE_AUTORELEASING = YES;
				CLANG_WARN_BOOL_CONVERSION = YES;
				CLANG_WARN_COMMA = YES;
				CLANG_WARN_CONSTANT_CONVERSION = YES;
				CLANG_WARN_DEPRECATED_OBJC_IMPLEMENTATIONS = YES;
				CLANG_WARN_DIRECT_OBJC_ISA_USAGE = YES_ERROR;
				CLANG_WARN_DOCUMENTATION_COMMENTS = YES;
				CLANG_WARN_EMPTY_BODY = YES;
				CLANG_WARN_ENUM_CONVERSION = YES;
				CLANG_WARN_INFINITE_RECURSION = YES;
				CLANG_WARN_INT_CONVERSION = YES;
				CLANG_WARN_NON_LITERAL_NULL_CONVERSION = YES;
				CLANG_WARN_OBJC_IMPLICIT_RETAIN_SELF = YES;
				CLANG_WARN_OBJC_LITERAL_CONVERSION = YES;
				CLANG_WARN_OBJC_ROOT_CLASS = YES_ERROR;
				CLANG_WARN_QUOTED_INCLUDE_IN_FRAMEWORK_HEADER = YES;
				CLANG_WARN_RANGE_LOOP_ANALYSIS = YES;
				CLANG_WARN_STRICT_PROTOTYPES = YES;
				CLANG_WARN_SUSPICIOUS_MOVE = YES;
				CLANG_WARN_UNGUARDED_AVAILABILITY = YES_AGGRESSIVE;
				CLANG_WARN_UNREACHABLE_CODE = YES;
				CLANG_WARN__DUPLICATE_METHOD_MATCH = YES;
				COPY_PHASE_STRIP = NO;
				DEBUG_INFORMATION_FORMAT = "dwarf-with-dsym";
				ENABLE_NS_ASSERTIONS = NO;
				ENABLE_STRICT_OBJC_MSGSEND = YES;
				GCC_C_LANGUAGE_STANDARD = gnu11;
				GCC_NO_COMMON_BLOCKS = YES;
				GCC_WARN_64_TO_32_BIT_CONVERSION = YES;
				GCC_WARN_ABOUT_RETURN_TYPE = YES_ERROR;
				GCC_WARN_UNDECLARED_SELECTOR = YES;
				GCC_WARN_UNINITIALIZED_AUTOS = YES_AGGRESSIVE;
				GCC_WARN_UNUSED_FUNCTION = YES;
				GCC_WARN_UNUSED_VARIABLE = YES;
				IPHONEOS_DEPLOYMENT_TARGET = 16.0;
				MTL_ENABLE_DEBUG_INFO = NO;
				MTL_FAST_MATH = YES;
				SDKROOT = iphoneos;
				SWIFT_COMPILATION_MODE = wholemodule;
				SWIFT_OPTIMIZATION_LEVEL = "-O";
				VALIDATE_PRODUCT = YES;
			};
			name = Release;
		};
		ED499BE628E27B550006D396 /* Debug */ = {
			isa = XCBuildConfiguration;
			baseConfigurationReference = 3E68F01D32D8FB992A9CF2BA /* Pods-RXTestes.debug.xcconfig */;
			buildSettings = {
				ASSETCATALOG_COMPILER_APPICON_NAME = AppIcon;
				ASSETCATALOG_COMPILER_GLOBAL_ACCENT_COLOR_NAME = AccentColor;
				CODE_SIGN_STYLE = Automatic;
				CURRENT_PROJECT_VERSION = 1;
				DEVELOPMENT_TEAM = ZBV7XJY8S3;
				GENERATE_INFOPLIST_FILE = YES;
				INFOPLIST_FILE = RXTestes/Info.plist;
				INFOPLIST_KEY_UIApplicationSupportsIndirectInputEvents = YES;
				INFOPLIST_KEY_UILaunchStoryboardName = LaunchScreen;
				INFOPLIST_KEY_UIMainStoryboardFile = Main;
				INFOPLIST_KEY_UISupportedInterfaceOrientations_iPad = "UIInterfaceOrientationPortrait UIInterfaceOrientationPortraitUpsideDown UIInterfaceOrientationLandscapeLeft UIInterfaceOrientationLandscapeRight";
				INFOPLIST_KEY_UISupportedInterfaceOrientations_iPhone = "UIInterfaceOrientationPortrait UIInterfaceOrientationLandscapeLeft UIInterfaceOrientationLandscapeRight";
				IPHONEOS_DEPLOYMENT_TARGET = 13.0;
				LD_RUNPATH_SEARCH_PATHS = (
					"$(inherited)",
					"@executable_path/Frameworks",
				);
				MARKETING_VERSION = 1.0;
				PRODUCT_BUNDLE_IDENTIFIER = com.alexandreccarmo.com.RXTestes;
				PRODUCT_NAME = "$(TARGET_NAME)";
				SWIFT_EMIT_LOC_STRINGS = YES;
				SWIFT_VERSION = 5.0;
				TARGETED_DEVICE_FAMILY = "1,2";
			};
			name = Debug;
		};
		ED499BE728E27B550006D396 /* Release */ = {
			isa = XCBuildConfiguration;
			baseConfigurationReference = 61F20FE0E9B31112CDF1E868 /* Pods-RXTestes.release.xcconfig */;
			buildSettings = {
				ASSETCATALOG_COMPILER_APPICON_NAME = AppIcon;
				ASSETCATALOG_COMPILER_GLOBAL_ACCENT_COLOR_NAME = AccentColor;
				CODE_SIGN_STYLE = Automatic;
				CURRENT_PROJECT_VERSION = 1;
				DEVELOPMENT_TEAM = ZBV7XJY8S3;
				GENERATE_INFOPLIST_FILE = YES;
				INFOPLIST_FILE = RXTestes/Info.plist;
				INFOPLIST_KEY_UIApplicationSupportsIndirectInputEvents = YES;
				INFOPLIST_KEY_UILaunchStoryboardName = LaunchScreen;
				INFOPLIST_KEY_UIMainStoryboardFile = Main;
				INFOPLIST_KEY_UISupportedInterfaceOrientations_iPad = "UIInterfaceOrientationPortrait UIInterfaceOrientationPortraitUpsideDown UIInterfaceOrientationLandscapeLeft UIInterfaceOrientationLandscapeRight";
				INFOPLIST_KEY_UISupportedInterfaceOrientations_iPhone = "UIInterfaceOrientationPortrait UIInterfaceOrientationLandscapeLeft UIInterfaceOrientationLandscapeRight";
				IPHONEOS_DEPLOYMENT_TARGET = 13.0;
				LD_RUNPATH_SEARCH_PATHS = (
					"$(inherited)",
					"@executable_path/Frameworks",
				);
				MARKETING_VERSION = 1.0;
				PRODUCT_BUNDLE_IDENTIFIER = com.alexandreccarmo.com.RXTestes;
				PRODUCT_NAME = "$(TARGET_NAME)";
				SWIFT_EMIT_LOC_STRINGS = YES;
				SWIFT_VERSION = 5.0;
				TARGETED_DEVICE_FAMILY = "1,2";
			};
			name = Release;
		};
/* End XCBuildConfiguration section */

/* Begin XCConfigurationList section */
		ED499BCC28E27B530006D396 /* Build configuration list for PBXProject "RXTestes" */ = {
			isa = XCConfigurationList;
			buildConfigurations = (
				ED499BE328E27B550006D396 /* Debug */,
				ED499BE428E27B550006D396 /* Release */,
			);
			defaultConfigurationIsVisible = 0;
			defaultConfigurationName = Release;
		};
		ED499BE528E27B550006D396 /* Build configuration list for PBXNativeTarget "RXTestes" */ = {
			isa = XCConfigurationList;
			buildConfigurations = (
				ED499BE628E27B550006D396 /* Debug */,
				ED499BE728E27B550006D396 /* Release */,
			);
			defaultConfigurationIsVisible = 0;
			defaultConfigurationName = Release;
		};
/* End XCConfigurationList section */
	};
	rootObject = ED499BC928E27B530006D396 /* Project object */;
}
